// !$*UTF8*$!
{
	archiveVersion = 1;
	classes = {
	};
	objectVersion = 77;
	objects = {

/* Begin PBXBuildFile section */
		AA0000102D00000100000001 /* GRDB in Frameworks */ = {isa = PBXBuildFile; productRef = AA0000112D00000100000001 /* GRDB */; };
		AA0000132D00000100000001 /* SMBClient in Frameworks */ = {isa = PBXBuildFile; productRef = AA0000142D00000100000001 /* SMBClient */; };
		AA0000162D00000100000001 /* Citadel in Frameworks */ = {isa = PBXBuildFile; productRef = AA0000172D00000100000001 /* Citadel */; };
		AA00001A2D00000100000001 /* DequeModule in Frameworks */ = {isa = PBXBuildFile; productRef = AA00001B2D00000100000001 /* DequeModule */; };
		BB0001012D00000100000001 /* ShotDexWidget.appex in Embed Foundation Extensions */ = {isa = PBXBuildFile; fileRef = BB0001022D00000100000001 /* ShotDexWidget.appex */; settings = {ATTRIBUTES = (RemoveHeadersOnCopy, ); }; };
		CC0001012D00000100000001 /* ShotDexShare.appex in Embed Foundation Extensions */ = {isa = PBXBuildFile; fileRef = CC0001022D00000100000001 /* ShotDexShare.appex */; settings = {ATTRIBUTES = (RemoveHeadersOnCopy, ); }; };
		DD0001012D00000100000001 /* ShotDexKit.framework in Frameworks */ = {isa = PBXBuildFile; fileRef = DD0001022D00000100000001 /* ShotDexKit.framework */; };
		DD0001042D00000100000001 /* ShotDexKit.framework in Embed Frameworks */ = {isa = PBXBuildFile; fileRef = DD0001022D00000100000001 /* ShotDexKit.framework */; settings = {ATTRIBUTES = (CodeSignOnCopy, RemoveHeadersOnCopy, ); }; };
		DD0001162D00000100000001 /* ShotDexKit.framework in Frameworks */ = {isa = PBXBuildFile; fileRef = DD0001022D00000100000001 /* ShotDexKit.framework */; };
		EE0002012D00000100000001 /* ShotDexEditAction.appex in Embed Foundation Extensions */ = {isa = PBXBuildFile; fileRef = EE0002022D00000100000001 /* ShotDexEditAction.appex */; settings = {ATTRIBUTES = (RemoveHeadersOnCopy, ); }; };
/* End PBXBuildFile section */

/* Begin PBXContainerItemProxy section */
		AA0000202D00000100000001 /* PBXContainerItemProxy */ = {
			isa = PBXContainerItemProxy;
			containerPortal = AA00000A2D00000100000001 /* Project object */;
			proxyType = 1;
			remoteGlobalIDString = AA0000062D00000100000001;
			remoteInfo = ShotDex;
		};
		BB0001032D00000100000001 /* PBXContainerItemProxy */ = {
			isa = PBXContainerItemProxy;
			containerPortal = AA00000A2D00000100000001 /* Project object */;
			proxyType = 1;
			remoteGlobalIDString = BB0001102D00000100000001;
			remoteInfo = ShotDexWidget;
		};
		CC0001032D00000100000001 /* PBXContainerItemProxy */ = {
			isa = PBXContainerItemProxy;
			containerPortal = AA00000A2D00000100000001 /* Project object */;
			proxyType = 1;
			remoteGlobalIDString = CC0001102D00000100000001;
			remoteInfo = ShotDexShare;
		};
		DD0001032D00000100000001 /* PBXContainerItemProxy */ = {
			isa = PBXContainerItemProxy;
			containerPortal = AA00000A2D00000100000001 /* Project object */;
			proxyType = 1;
			remoteGlobalIDString = DD0001102D00000100000001;
			remoteInfo = ShotDexKit;
		};
		DD0001182D00000100000001 /* PBXContainerItemProxy */ = {
			isa = PBXContainerItemProxy;
			containerPortal = AA00000A2D00000100000001 /* Project object */;
			proxyType = 1;
			remoteGlobalIDString = DD0001102D00000100000001;
			remoteInfo = ShotDexKit;
		};
		EE0002032D00000100000001 /* PBXContainerItemProxy */ = {
			isa = PBXContainerItemProxy;
			containerPortal = AA00000A2D00000100000001 /* Project object */;
			proxyType = 1;
			remoteGlobalIDString = EE00020A2D00000100000001;
			remoteInfo = ShotDexEditAction;
		};
		FF0001032D00000100000001 /* PBXContainerItemProxy */ = {
			isa = PBXContainerItemProxy;
			containerPortal = AA00000A2D00000100000001 /* Project object */;
			proxyType = 1;
			remoteGlobalIDString = AA0000062D00000100000001;
			remoteInfo = ShotDex;
		};
/* End PBXContainerItemProxy section */

/* Begin PBXCopyFilesBuildPhase section */
		0E765CBA3010E674001A134A /* Embed Foundation Extensions */ = {
			isa = PBXCopyFilesBuildPhase;
			buildActionMask = 2147483647;
			dstPath = "";
			dstSubfolderSpec = 13;
			files = (
				BB0001012D00000100000001 /* ShotDexWidget.appex in Embed Foundation Extensions */,
				CC0001012D00000100000001 /* ShotDexShare.appex in Embed Foundation Extensions */,
				EE0002012D00000100000001 /* ShotDexEditAction.appex in Embed Foundation Extensions */,
			);
			name = "Embed Foundation Extensions";
			runOnlyForDeploymentPostprocessing = 0;
		};
		DD0001142D00000100000001 /* Embed Frameworks */ = {
			isa = PBXCopyFilesBuildPhase;
			buildActionMask = 2147483647;
			dstPath = "";
			dstSubfolderSpec = 10;
			files = (
				DD0001042D00000100000001 /* ShotDexKit.framework in Embed Frameworks */,
			);
			name = "Embed Frameworks";
			runOnlyForDeploymentPostprocessing = 0;
		};
/* End PBXCopyFilesBuildPhase section */

/* Begin PBXFileReference section */
		0E765CA13010E673001A134A /* WidgetKit.framework */ = {isa = PBXFileReference; lastKnownFileType = wrapper.framework; name = WidgetKit.framework; path = System/Library/Frameworks/WidgetKit.framework; sourceTree = SDKROOT; };
		0E765CA33010E673001A134A /* SwiftUI.framework */ = {isa = PBXFileReference; lastKnownFileType = wrapper.framework; name = SwiftUI.framework; path = System/Library/Frameworks/SwiftUI.framework; sourceTree = SDKROOT; };
		AA0000052D00000100000001 /* ShotDex.app */ = {isa = PBXFileReference; explicitFileType = wrapper.application; includeInIndex = 0; path = ShotDex.app; sourceTree = BUILT_PRODUCTS_DIR; };
		AA0000212D00000100000001 /* ShotDexTests.xctest */ = {isa = PBXFileReference; explicitFileType = wrapper.cfbundle; includeInIndex = 0; path = ShotDexTests.xctest; sourceTree = BUILT_PRODUCTS_DIR; };
		BB0001022D00000100000001 /* ShotDexWidget.appex */ = {isa = PBXFileReference; explicitFileType = "wrapper.app-extension"; includeInIndex = 0; path = ShotDexWidget.appex; sourceTree = BUILT_PRODUCTS_DIR; };
		CC0001022D00000100000001 /* ShotDexShare.appex */ = {isa = PBXFileReference; explicitFileType = "wrapper.app-extension"; includeInIndex = 0; path = ShotDexShare.appex; sourceTree = BUILT_PRODUCTS_DIR; };
		DD0001022D00000100000001 /* ShotDexKit.framework */ = {isa = PBXFileReference; explicitFileType = wrapper.framework; includeInIndex = 0; path = ShotDexKit.framework; sourceTree = BUILT_PRODUCTS_DIR; };
		EE0002022D00000100000001 /* ShotDexEditAction.appex */ = {isa = PBXFileReference; explicitFileType = "wrapper.app-extension"; includeInIndex = 0; path = ShotDexEditAction.appex; sourceTree = BUILT_PRODUCTS_DIR; };
		FF0001022D00000100000001 /* ShotDexUITests.xctest */ = {isa = PBXFileReference; explicitFileType = wrapper.cfbundle; includeInIndex = 0; path = ShotDexUITests.xctest; sourceTree = BUILT_PRODUCTS_DIR; };
/* End PBXFileReference section */

/* Begin PBXFileSystemSynchronizedBuildFileExceptionSet section */
		AA0000302D00000100000001 /* Exceptions for "ShotDex" folder in "ShotDex" target */ = {
			isa = PBXFileSystemSynchronizedBuildFileExceptionSet;
			membershipExceptions = (
				Info.plist,
			);
			target = AA0000062D00000100000001 /* ShotDex */;
		};
		BB0001042D00000100000001 /* Exceptions for "ShotDexWidget" folder in "ShotDexWidget" target */ = {
			isa = PBXFileSystemSynchronizedBuildFileExceptionSet;
			membershipExceptions = (
				Info.plist,
			);
			target = BB0001102D00000100000001 /* ShotDexWidget */;
		};
		CC0001042D00000100000001 /* Exceptions for "ShotDexShare" folder in "ShotDexShare" target */ = {
			isa = PBXFileSystemSynchronizedBuildFileExceptionSet;
			membershipExceptions = (
				Info.plist,
			);
			target = CC0001102D00000100000001 /* ShotDexShare */;
		};
		EE0002042D00000100000001 /* Exceptions for "ShotDexEditAction" folder in "ShotDexEditAction" target */ = {
			isa = PBXFileSystemSynchronizedBuildFileExceptionSet;
			membershipExceptions = (
				Info.plist,
			);
			target = EE00020A2D00000100000001 /* ShotDexEditAction */;
		};
/* End PBXFileSystemSynchronizedBuildFileExceptionSet section */

/* Begin PBXFileSystemSynchronizedRootGroup section */
		AA0000012D00000100000001 /* ShotDex */ = {
			isa = PBXFileSystemSynchronizedRootGroup;
			exceptions = (
				AA0000302D00000100000001 /* Exceptions for "ShotDex" folder in "ShotDex" target */,
			);
			path = ShotDex;
			sourceTree = "<group>";
		};
		AA0000222D00000100000001 /* ShotDexTests */ = {
			isa = PBXFileSystemSynchronizedRootGroup;
			path = ShotDexTests;
			sourceTree = "<group>";
		};
		AB0001052D00000100000001 /* WidgetShared */ = {
			isa = PBXFileSystemSynchronizedRootGroup;
			path = WidgetShared;
			sourceTree = "<group>";
		};
		BB0001052D00000100000001 /* ShotDexWidget */ = {
			isa = PBXFileSystemSynchronizedRootGroup;
			exceptions = (
				BB0001042D00000100000001 /* Exceptions for "ShotDexWidget" folder in "ShotDexWidget" target */,
			);
			path = ShotDexWidget;
			sourceTree = "<group>";
		};
		CC0001052D00000100000001 /* ShotDexShare */ = {
			isa = PBXFileSystemSynchronizedRootGroup;
			exceptions = (
				CC0001042D00000100000001 /* Exceptions for "ShotDexShare" folder in "ShotDexShare" target */,
			);
			path = ShotDexShare;
			sourceTree = "<group>";
		};
		DD0001052D00000100000001 /* ShotDexKit */ = {
			isa = PBXFileSystemSynchronizedRootGroup;
			path = ShotDexKit;
			sourceTree = "<group>";
		};
		EE0002052D00000100000001 /* ShotDexEditAction */ = {
			isa = PBXFileSystemSynchronizedRootGroup;
			exceptions = (
				EE0002042D00000100000001 /* Exceptions for "ShotDexEditAction" folder in "ShotDexEditAction" target */,
			);
			path = ShotDexEditAction;
			sourceTree = "<group>";
		};
		FF0001052D00000100000001 /* ShotDexUITests */ = {
			isa = PBXFileSystemSynchronizedRootGroup;
			path = ShotDexUITests;
			sourceTree = "<group>";
		};
/* End PBXFileSystemSynchronizedRootGroup section */

/* Begin PBXFrameworksBuildPhase section */
		AA0000022D00000100000001 /* Frameworks */ = {
			isa = PBXFrameworksBuildPhase;
			buildActionMask = 2147483647;
			files = (
				AA0000102D00000100000001 /* GRDB in Frameworks */,
				AA0000132D00000100000001 /* SMBClient in Frameworks */,
				AA0000162D00000100000001 /* Citadel in Frameworks */,
				AA00001A2D00000100000001 /* DequeModule in Frameworks */,
				DD0001012D00000100000001 /* ShotDexKit.framework in Frameworks */,
			);
			runOnlyForDeploymentPostprocessing = 0;
		};
		AA0000262D00000100000001 /* Frameworks */ = {
			isa = PBXFrameworksBuildPhase;
			buildActionMask = 2147483647;
			files = (
				DD0001162D00000100000001 /* ShotDexKit.framework in Frameworks */,
			);
			runOnlyForDeploymentPostprocessing = 0;
		};
		BB0001062D00000100000001 /* Frameworks */ = {
			isa = PBXFrameworksBuildPhase;
			buildActionMask = 2147483647;
			files = (
			);
			runOnlyForDeploymentPostprocessing = 0;
		};
		CC0001062D00000100000001 /* Frameworks */ = {
			isa = PBXFrameworksBuildPhase;
			buildActionMask = 2147483647;
			files = (
			);
			runOnlyForDeploymentPostprocessing = 0;
		};
		DD0001062D00000100000001 /* Frameworks */ = {
			isa = PBXFrameworksBuildPhase;
			buildActionMask = 2147483647;
			files = (
			);
			runOnlyForDeploymentPostprocessing = 0;
		};
		EE0002062D00000100000001 /* Frameworks */ = {
			isa = PBXFrameworksBuildPhase;
			buildActionMask = 2147483647;
			files = (
			);
			runOnlyForDeploymentPostprocessing = 0;
		};
		FF0001092D00000100000001 /* Frameworks */ = {
			isa = PBXFrameworksBuildPhase;
			buildActionMask = 2147483647;
			files = (
			);
			runOnlyForDeploymentPostprocessing = 0;
		};
/* End PBXFrameworksBuildPhase section */

/* Begin PBXGroup section */
		0E397135305DE8030050F70A /* Recovered References */ = {
			isa = PBXGroup;
			children = (
				DD0001022D00000100000001 /* ShotDexKit.framework */,
				DD0001052D00000100000001 /* ShotDexKit */,
			);
			name = "Recovered References";
			sourceTree = "<group>";
		};
		0E765CA03010E673001A134A /* Frameworks */ = {
			isa = PBXGroup;
			children = (
				0E765CA13010E673001A134A /* WidgetKit.framework */,
				0E765CA33010E673001A134A /* SwiftUI.framework */,
			);
			name = Frameworks;
			sourceTree = "<group>";
		};
		AA0000032D00000100000001 = {
			isa = PBXGroup;
			children = (
				AA0000012D00000100000001 /* ShotDex */,
				AB0001052D00000100000001 /* WidgetShared */,
				BB0001052D00000100000001 /* ShotDexWidget */,
				CC0001052D00000100000001 /* ShotDexShare */,
				EE0002052D00000100000001 /* ShotDexEditAction */,
				AA0000222D00000100000001 /* ShotDexTests */,
				FF0001052D00000100000001 /* ShotDexUITests */,
				0E765CA03010E673001A134A /* Frameworks */,
				AA0000042D00000100000001 /* Products */,
				0E397135305DE8030050F70A /* Recovered References */,
			);
			sourceTree = "<group>";
		};
		AA0000042D00000100000001 /* Products */ = {
			isa = PBXGroup;
			children = (
				AA0000052D00000100000001 /* ShotDex.app */,
				BB0001022D00000100000001 /* ShotDexWidget.appex */,
				CC0001022D00000100000001 /* ShotDexShare.appex */,
				EE0002022D00000100000001 /* ShotDexEditAction.appex */,
				AA0000212D00000100000001 /* ShotDexTests.xctest */,
				FF0001022D00000100000001 /* ShotDexUITests.xctest */,
			);
			name = Products;
			sourceTree = "<group>";
		};
/* End PBXGroup section */

/* Begin PBXNativeTarget section */
		AA0000062D00000100000001 /* ShotDex */ = {
			isa = PBXNativeTarget;
			buildConfigurationList = AA0000072D00000100000001 /* Build configuration list for PBXNativeTarget "ShotDex" */;
			buildPhases = (
				AA0000082D00000100000001 /* Sources */,
				AA0000022D00000100000001 /* Frameworks */,
				AA0000092D00000100000001 /* Resources */,
				DD0001142D00000100000001 /* Embed Frameworks */,
				0E765CBA3010E674001A134A /* Embed Foundation Extensions */,
			);
			buildRules = (
			);
			dependencies = (
				DD0001072D00000100000001 /* PBXTargetDependency */,
				BB0001072D00000100000001 /* PBXTargetDependency */,
				CC0001072D00000100000001 /* PBXTargetDependency */,
				EE0002072D00000100000001 /* PBXTargetDependency */,
			);
			fileSystemSynchronizedGroups = (
				AA0000012D00000100000001 /* ShotDex */,
				AB0001052D00000100000001 /* WidgetShared */,
			);
			name = ShotDex;
			packageProductDependencies = (
				AA0000112D00000100000001 /* GRDB */,
				AA0000142D00000100000001 /* SMBClient */,
				AA0000172D00000100000001 /* Citadel */,
				AA00001B2D00000100000001 /* DequeModule */,
			);
			productName = ShotDex;
			productReference = AA0000052D00000100000001 /* ShotDex.app */;
			productType = "com.apple.product-type.application";
		};
		AA0000232D00000100000001 /* ShotDexTests */ = {
			isa = PBXNativeTarget;
			buildConfigurationList = AA0000242D00000100000001 /* Build configuration list for PBXNativeTarget "ShotDexTests" */;
			buildPhases = (
				AA0000252D00000100000001 /* Sources */,
				AA0000262D00000100000001 /* Frameworks */,
				AA0000272D00000100000001 /* Resources */,
			);
			buildRules = (
			);
			dependencies = (
				AA0000282D00000100000001 /* PBXTargetDependency */,
				DD0001172D00000100000001 /* PBXTargetDependency */,
			);
			fileSystemSynchronizedGroups = (
				AA0000222D00000100000001 /* ShotDexTests */,
			);
			name = ShotDexTests;
			packageProductDependencies = (
			);
			productName = ShotDexTests;
			productReference = AA0000212D00000100000001 /* ShotDexTests.xctest */;
			productType = "com.apple.product-type.bundle.unit-test";
		};
		BB0001102D00000100000001 /* ShotDexWidget */ = {
			isa = PBXNativeTarget;
			buildConfigurationList = BB0001112D00000100000001 /* Build configuration list for PBXNativeTarget "ShotDexWidget" */;
			buildPhases = (
				BB0001082D00000100000001 /* Sources */,
				BB0001062D00000100000001 /* Frameworks */,
				BB0001092D00000100000001 /* Resources */,
			);
			buildRules = (
			);
			dependencies = (
			);
			fileSystemSynchronizedGroups = (
				AB0001052D00000100000001 /* WidgetShared */,
				BB0001052D00000100000001 /* ShotDexWidget */,
			);
			name = ShotDexWidget;
			packageProductDependencies = (
			);
			productName = ShotDexWidget;
			productReference = BB0001022D00000100000001 /* ShotDexWidget.appex */;
			productType = "com.apple.product-type.app-extension";
		};
		CC0001102D00000100000001 /* ShotDexShare */ = {
			isa = PBXNativeTarget;
			buildConfigurationList = CC0001112D00000100000001 /* Build configuration list for PBXNativeTarget "ShotDexShare" */;
			buildPhases = (
				CC0001082D00000100000001 /* Sources */,
				CC0001062D00000100000001 /* Frameworks */,
				CC0001092D00000100000001 /* Resources */,
			);
			buildRules = (
			);
			dependencies = (
			);
			fileSystemSynchronizedGroups = (
				CC0001052D00000100000001 /* ShotDexShare */,
			);
			name = ShotDexShare;
			packageProductDependencies = (
			);
			productName = ShotDexShare;
			productReference = CC0001022D00000100000001 /* ShotDexShare.appex */;
			productType = "com.apple.product-type.app-extension";
		};
		DD0001102D00000100000001 /* ShotDexKit */ = {
			isa = PBXNativeTarget;
			buildConfigurationList = DD0001112D00000100000001 /* Build configuration list for PBXNativeTarget "ShotDexKit" */;
			buildPhases = (
				DD0001082D00000100000001 /* Sources */,
				DD0001062D00000100000001 /* Frameworks */,
				DD0001092D00000100000001 /* Resources */,
			);
			buildRules = (
			);
			dependencies = (
			);
			fileSystemSynchronizedGroups = (
				DD0001052D00000100000001 /* ShotDexKit */,
			);
			name = ShotDexKit;
			packageProductDependencies = (
			);
			productName = ShotDexKit;
			productReference = DD0001022D00000100000001 /* ShotDexKit.framework */;
			productType = "com.apple.product-type.framework";
		};
		EE00020A2D00000100000001 /* ShotDexEditAction */ = {
			isa = PBXNativeTarget;
			buildConfigurationList = EE00020B2D00000100000001 /* Build configuration list for PBXNativeTarget "ShotDexEditAction" */;
			buildPhases = (
				EE0002082D00000100000001 /* Sources */,
				EE0002062D00000100000001 /* Frameworks */,
				EE0002092D00000100000001 /* Resources */,
			);
			buildRules = (
			);
			dependencies = (
			);
			fileSystemSynchronizedGroups = (
				EE0002052D00000100000001 /* ShotDexEditAction */,
			);
			name = ShotDexEditAction;
			packageProductDependencies = (
			);
			productName = ShotDexEditAction;
			productReference = EE0002022D00000100000001 /* ShotDexEditAction.appex */;
			productType = "com.apple.product-type.app-extension";
		};
		FF0001102D00000100000001 /* ShotDexUITests */ = {
			isa = PBXNativeTarget;
			buildConfigurationList = FF0001112D00000100000001 /* Build configuration list for PBXNativeTarget "ShotDexUITests" */;
			buildPhases = (
				FF0001082D00000100000001 /* Sources */,
				FF0001092D00000100000001 /* Frameworks */,
				FF00010A2D00000100000001 /* Resources */,
			);
			buildRules = (
			);
			dependencies = (
				FF0001062D00000100000001 /* PBXTargetDependency */,
			);
			fileSystemSynchronizedGroups = (
				FF0001052D00000100000001 /* ShotDexUITests */,
			);
			name = ShotDexUITests;
			packageProductDependencies = (
			);
			productName = ShotDexUITests;
			productReference = FF0001022D00000100000001 /* ShotDexUITests.xctest */;
			productType = "com.apple.product-type.bundle.ui-testing";
		};
/* End PBXNativeTarget section */

/* Begin PBXProject section */
		AA00000A2D00000100000001 /* Project object */ = {
			isa = PBXProject;
			attributes = {
				BuildIndependentTargetsInParallel = 1;
				LastSwiftUpdateCheck = 2660;
				LastUpgradeCheck = 2600;
				TargetAttributes = {
					AA0000062D00000100000001 = {
						CreatedOnToolsVersion = 26.0;
					};
					BB0001102D00000100000001 = {
						CreatedOnToolsVersion = 26.0;
					};
					CC0001102D00000100000001 = {
						CreatedOnToolsVersion = 26.0;
					};
					DD0001102D00000100000001 = {
						CreatedOnToolsVersion = 26.0;
					};
				};
			};
			buildConfigurationList = AA00000B2D00000100000001 /* Build configuration list for PBXProject "ShotDex" */;
			developmentRegion = en;
			hasScannedForEncodings = 0;
			knownRegions = (
				en,
				Base,
				vi,
			);
			mainGroup = AA0000032D00000100000001;
			minimizedProjectReferenceProxies = 1;
			packageReferences = (
				AA0000122D00000100000001 /* XCRemoteSwiftPackageReference "GRDB" */,
				AA0000152D00000100000001 /* XCRemoteSwiftPackageReference "SMBClient" */,
				AA0000182D00000100000001 /* XCRemoteSwiftPackageReference "Citadel" */,
				AA0000192D00000100000001 /* XCRemoteSwiftPackageReference "swift-collections" */,
			);
			preferredProjectObjectVersion = 77;
			productRefGroup = AA0000042D00000100000001 /* Products */;
			projectDirPath = "";
			projectRoot = "";
			targets = (
				DD0001102D00000100000001 /* ShotDexKit */,
				AA0000062D00000100000001 /* ShotDex */,
				BB0001102D00000100000001 /* ShotDexWidget */,
				CC0001102D00000100000001 /* ShotDexShare */,
				EE00020A2D00000100000001 /* ShotDexEditAction */,
				AA0000232D00000100000001 /* ShotDexTests */,
				FF0001102D00000100000001 /* ShotDexUITests */,
			);
		};
/* End PBXProject section */

/* Begin PBXResourcesBuildPhase section */
		AA0000092D00000100000001 /* Resources */ = {
			isa = PBXResourcesBuildPhase;
			buildActionMask = 2147483647;
			files = (
			);
			runOnlyForDeploymentPostprocessing = 0;
		};
		AA0000272D00000100000001 /* Resources */ = {
			isa = PBXResourcesBuildPhase;
			buildActionMask = 2147483647;
			files = (
			);
			runOnlyForDeploymentPostprocessing = 0;
		};
		BB0001092D00000100000001 /* Resources */ = {
			isa = PBXResourcesBuildPhase;
			buildActionMask = 2147483647;
			files = (
			);
			runOnlyForDeploymentPostprocessing = 0;
		};
		CC0001092D00000100000001 /* Resources */ = {
			isa = PBXResourcesBuildPhase;
			buildActionMask = 2147483647;
			files = (
			);
			runOnlyForDeploymentPostprocessing = 0;
		};
		DD0001092D00000100000001 /* Resources */ = {
			isa = PBXResourcesBuildPhase;
			buildActionMask = 2147483647;
			files = (
			);
			runOnlyForDeploymentPostprocessing = 0;
		};
		EE0002092D00000100000001 /* Resources */ = {
			isa = PBXResourcesBuildPhase;
			buildActionMask = 2147483647;
			files = (
			);
			runOnlyForDeploymentPostprocessing = 0;
		};
		FF00010A2D00000100000001 /* Resources */ = {
			isa = PBXResourcesBuildPhase;
			buildActionMask = 2147483647;
			files = (
			);
			runOnlyForDeploymentPostprocessing = 0;
		};
/* End PBXResourcesBuildPhase section */

/* Begin PBXSourcesBuildPhase section */
		AA0000082D00000100000001 /* Sources */ = {
			isa = PBXSourcesBuildPhase;
			buildActionMask = 2147483647;
			files = (
			);
			runOnlyForDeploymentPostprocessing = 0;
		};
		AA0000252D00000100000001 /* Sources */ = {
			isa = PBXSourcesBuildPhase;
			buildActionMask = 2147483647;
			files = (
			);
			runOnlyForDeploymentPostprocessing = 0;
		};
		BB0001082D00000100000001 /* Sources */ = {
			isa = PBXSourcesBuildPhase;
			buildActionMask = 2147483647;
			files = (
			);
			runOnlyForDeploymentPostprocessing = 0;
		};
		CC0001082D00000100000001 /* Sources */ = {
			isa = PBXSourcesBuildPhase;
			buildActionMask = 2147483647;
			files = (
			);
			runOnlyForDeploymentPostprocessing = 0;
		};
		DD0001082D00000100000001 /* Sources */ = {
			isa = PBXSourcesBuildPhase;
			buildActionMask = 2147483647;
			files = (
			);
			runOnlyForDeploymentPostprocessing = 0;
		};
		EE0002082D00000100000001 /* Sources */ = {
			isa = PBXSourcesBuildPhase;
			buildActionMask = 2147483647;
			files = (
			);
			runOnlyForDeploymentPostprocessing = 0;
		};
		FF0001082D00000100000001 /* Sources */ = {
			isa = PBXSourcesBuildPhase;
			buildActionMask = 2147483647;
			files = (
			);
			runOnlyForDeploymentPostprocessing = 0;
		};
/* End PBXSourcesBuildPhase section */

/* Begin PBXTargetDependency section */
		AA0000282D00000100000001 /* PBXTargetDependency */ = {
			isa = PBXTargetDependency;
			target = AA0000062D00000100000001 /* ShotDex */;
			targetProxy = AA0000202D00000100000001 /* PBXContainerItemProxy */;
		};
		BB0001072D00000100000001 /* PBXTargetDependency */ = {
			isa = PBXTargetDependency;
			target = BB0001102D00000100000001 /* ShotDexWidget */;
			targetProxy = BB0001032D00000100000001 /* PBXContainerItemProxy */;
		};
		CC0001072D00000100000001 /* PBXTargetDependency */ = {
			isa = PBXTargetDependency;
			target = CC0001102D00000100000001 /* ShotDexShare */;
			targetProxy = CC0001032D00000100000001 /* PBXContainerItemProxy */;
		};
		DD0001072D00000100000001 /* PBXTargetDependency */ = {
			isa = PBXTargetDependency;
			target = DD0001102D00000100000001 /* ShotDexKit */;
			targetProxy = DD0001032D00000100000001 /* PBXContainerItemProxy */;
		};
		DD0001172D00000100000001 /* PBXTargetDependency */ = {
			isa = PBXTargetDependency;
			target = DD0001102D00000100000001 /* ShotDexKit */;
			targetProxy = DD0001182D00000100000001 /* PBXContainerItemProxy */;
		};
		EE0002072D00000100000001 /* PBXTargetDependency */ = {
			isa = PBXTargetDependency;
			target = EE00020A2D00000100000001 /* ShotDexEditAction */;
			targetProxy = EE0002032D00000100000001 /* PBXContainerItemProxy */;
		};
		FF0001062D00000100000001 /* PBXTargetDependency */ = {
			isa = PBXTargetDependency;
			target = AA0000062D00000100000001 /* ShotDex */;
			targetProxy = FF0001032D00000100000001 /* PBXContainerItemProxy */;
		};
/* End PBXTargetDependency section */

/* Begin XCBuildConfiguration section */
		AA00000C2D00000100000001 /* Debug */ = {
			isa = XCBuildConfiguration;
			buildSettings = {
				ALWAYS_SEARCH_USER_PATHS = NO;
				ASSETCATALOG_COMPILER_GENERATE_SWIFT_ASSET_SYMBOL_EXTENSIONS = YES;
				CLANG_ANALYZER_NONNULL = YES;
				CLANG_ANALYZER_NUMBER_OBJECT_CONVERSION = YES_AGGRESSIVE;
				CLANG_CXX_LANGUAGE_STANDARD = "gnu++20";
				CLANG_ENABLE_MODULES = YES;
				CLANG_ENABLE_OBJC_ARC = YES;
				CLANG_ENABLE_OBJC_WEAK = YES;
				CLANG_WARN_BLOCK_CAPTURE_AUTORELEASING = YES;
				CLANG_WARN_BOOL_CONVERSION = YES;
				CLANG_WARN_COMMA = YES;
				CLANG_WARN_CONSTANT_CONVERSION = YES;
				CLANG_WARN_DEPRECATED_OBJC_IMPLEMENTATIONS = YES;
				CLANG_WARN_DIRECT_OBJC_ISA_USAGE = YES_ERROR;
				CLANG_WARN_DOCUMENTATION_COMMENTS = YES;
				CLANG_WARN_EMPTY_BODY = YES;
				CLANG_WARN_ENUM_CONVERSION = YES;
				CLANG_WARN_INFINITE_RECURSION = YES;
				CLANG_WARN_INT_CONVERSION = YES;
				CLANG_WARN_NON_LITERAL_NULL_CONVERSION = YES;
				CLANG_WARN_OBJC_IMPLICIT_RETAIN_SELF = YES;
				CLANG_WARN_OBJC_LITERAL_CONVERSION = YES;
				CLANG_WARN_OBJC_ROOT_CLASS = YES_ERROR;
				CLANG_WARN_QUOTED_INCLUDE_IN_FRAMEWORK_HEADER = YES;
				CLANG_WARN_RANGE_LOOP_ANALYSIS = YES;
				CLANG_WARN_STRICT_PROTOTYPES = YES;
				CLANG_WARN_SUSPICIOUS_MOVE = YES;
				CLANG_WARN_UNGUARDED_AVAILABILITY = YES_AGGRESSIVE;
				CLANG_WARN_UNREACHABLE_CODE = YES;
				CLANG_WARN__DUPLICATE_METHOD_MATCH = YES;
				COPY_PHASE_STRIP = NO;
				DEBUG_INFORMATION_FORMAT = dwarf;
				ENABLE_STRICT_OBJC_MSGSEND = YES;
				ENABLE_TESTABILITY = YES;
				ENABLE_USER_SCRIPT_SANDBOXING = YES;
				GCC_C_LANGUAGE_STANDARD = gnu17;
				GCC_DYNAMIC_NO_PIC = NO;
				GCC_NO_COMMON_BLOCKS = YES;
				GCC_OPTIMIZATION_LEVEL = 0;
				GCC_PREPROCESSOR_DEFINITIONS = (
					"DEBUG=1",
					"$(inherited)",
				);
				GCC_WARN_64_TO_32_BIT_CONVERSION = YES;
				GCC_WARN_ABOUT_RETURN_TYPE = YES_ERROR;
				GCC_WARN_UNDECLARED_SELECTOR = YES;
				GCC_WARN_UNINITIALIZED_AUTOS = YES_AGGRESSIVE;
				GCC_WARN_UNUSED_FUNCTION = YES;
				GCC_WARN_UNUSED_VARIABLE = YES;
				IPHONEOS_DEPLOYMENT_TARGET = 17.0;
				LOCALIZATION_PREFERS_STRING_CATALOGS = YES;
				MTL_ENABLE_DEBUG_INFO = INCLUDE_SOURCE;
				MTL_FAST_MATH = YES;
				ONLY_ACTIVE_ARCH = YES;
				SDKROOT = iphoneos;
				SWIFT_ACTIVE_COMPILATION_CONDITIONS = "DEBUG $(inherited)";
				SWIFT_OPTIMIZATION_LEVEL = "-Onone";
			};
			name = Debug;
		};
		AA00000D2D00000100000001 /* Release */ = {
			isa = XCBuildConfiguration;
			buildSettings = {
				ALWAYS_SEARCH_USER_PATHS = NO;
				ASSETCATALOG_COMPILER_GENERATE_SWIFT_ASSET_SYMBOL_EXTENSIONS = YES;
				CLANG_ANALYZER_NONNULL = YES;
				CLANG_ANALYZER_NUMBER_OBJECT_CONVERSION = YES_AGGRESSIVE;
				CLANG_CXX_LANGUAGE_STANDARD = "gnu++20";
				CLANG_ENABLE_MODULES = YES;
				CLANG_ENABLE_OBJC_ARC = YES;
				CLANG_ENABLE_OBJC_WEAK = YES;
				CLANG_WARN_BLOCK_CAPTURE_AUTORELEASING = YES;
				CLANG_WARN_BOOL_CONVERSION = YES;
				CLANG_WARN_COMMA = YES;
				CLANG_WARN_CONSTANT_CONVERSION = YES;
				CLANG_WARN_DEPRECATED_OBJC_IMPLEMENTATIONS = YES;
				CLANG_WARN_DIRECT_OBJC_ISA_USAGE = YES_ERROR;
				CLANG_WARN_DOCUMENTATION_COMMENTS = YES;
				CLANG_WARN_EMPTY_BODY = YES;
				CLANG_WARN_ENUM_CONVERSION = YES;
				CLANG_WARN_INFINITE_RECURSION = YES;
				CLANG_WARN_INT_CONVERSION = YES;
				CLANG_WARN_NON_LITERAL_NULL_CONVERSION = YES;
				CLANG_WARN_OBJC_IMPLICIT_RETAIN_SELF = YES;
				CLANG_WARN_OBJC_LITERAL_CONVERSION = YES;
				CLANG_WARN_OBJC_ROOT_CLASS = YES_ERROR;
				CLANG_WARN_QUOTED_INCLUDE_IN_FRAMEWORK_HEADER = YES;
				CLANG_WARN_RANGE_LOOP_ANALYSIS = YES;
				CLANG_WARN_STRICT_PROTOTYPES = YES;
				CLANG_WARN_SUSPICIOUS_MOVE = YES;
				CLANG_WARN_UNGUARDED_AVAILABILITY = YES_AGGRESSIVE;
				CLANG_WARN_UNREACHABLE_CODE = YES;
				CLANG_WARN__DUPLICATE_METHOD_MATCH = YES;
				COPY_PHASE_STRIP = NO;
				DEBUG_INFORMATION_FORMAT = "dwarf-with-dsym";
				ENABLE_NS_ASSERTIONS = NO;
				ENABLE_STRICT_OBJC_MSGSEND = YES;
				ENABLE_USER_SCRIPT_SANDBOXING = YES;
				GCC_C_LANGUAGE_STANDARD = gnu17;
				GCC_NO_COMMON_BLOCKS = YES;
				GCC_WARN_64_TO_32_BIT_CONVERSION = YES;
				GCC_WARN_ABOUT_RETURN_TYPE = YES_ERROR;
				GCC_WARN_UNDECLARED_SELECTOR = YES;
				GCC_WARN_UNINITIALIZED_AUTOS = YES_AGGRESSIVE;
				GCC_WARN_UNUSED_FUNCTION = YES;
				GCC_WARN_UNUSED_VARIABLE = YES;
				IPHONEOS_DEPLOYMENT_TARGET = 17.0;
				LOCALIZATION_PREFERS_STRING_CATALOGS = YES;
				MTL_ENABLE_DEBUG_INFO = NO;
				MTL_FAST_MATH = YES;
				SDKROOT = iphoneos;
				SWIFT_COMPILATION_MODE = wholemodule;
			};
			name = Release;
		};
		AA00000E2D00000100000001 /* Debug */ = {
			isa = XCBuildConfiguration;
			buildSettings = {
				ASSETCATALOG_COMPILER_APPICON_NAME = AppIcon;
				CODE_SIGN_ENTITLEMENTS = ShotDex/ShotDex.entitlements;
				CODE_SIGN_STYLE = Automatic;
				CURRENT_PROJECT_VERSION = 1;
				DEVELOPMENT_ASSET_PATHS = "";
				DEVELOPMENT_TEAM = MF2ESUE9HV;
				ENABLE_PREVIEWS = YES;
				GENERATE_INFOPLIST_FILE = YES;
				INFOPLIST_FILE = ShotDex/Info.plist;
				INFOPLIST_KEY_NSPhotoLibraryUsageDescription = "ShotDex reads your photos' camera, lens and exposure metadata to build your statistics, and saves the edits, favourites, albums and videos you make back to your library. Your photos stay on this device; only a rounded location goes to Apple's map service, to name the place a shot was taken.";
				INFOPLIST_KEY_UIApplicationSceneManifest_Generation = YES;
				INFOPLIST_KEY_UIApplicationSupportsIndirectInputEvents = YES;
				INFOPLIST_KEY_UISupportedInterfaceOrientations_iPad = "UIInterfaceOrientationPortrait UIInterfaceOrientationPortraitUpsideDown UIInterfaceOrientationLandscapeLeft UIInterfaceOrientationLandscapeRight";
				INFOPLIST_KEY_UISupportedInterfaceOrientations_iPhone = UIInterfaceOrientationPortrait;
				LD_RUNPATH_SEARCH_PATHS = (
					"$(inherited)",
					"@executable_path/Frameworks",
				);
				MARKETING_VERSION = 1.0;
				MTLLINKER_FLAGS = "-cikernel";
				MTL_COMPILER_FLAGS = "-fcikernel";
				MTL_FAST_MATH = NO;
				PRODUCT_BUNDLE_IDENTIFIER = com.hoangtuan.shotdex;
				PRODUCT_NAME = "$(TARGET_NAME)";
				SWIFT_EMIT_LOC_STRINGS = YES;
				SWIFT_VERSION = 5.0;
				TARGETED_DEVICE_FAMILY = "1,2";
			};
			name = Debug;
		};
		AA00000F2D00000100000001 /* Release */ = {
			isa = XCBuildConfiguration;
			buildSettings = {
				ASSETCATALOG_COMPILER_APPICON_NAME = AppIcon;
				CODE_SIGN_ENTITLEMENTS = "ShotDex/ShotDex-AppAttest.entitlements";
				CODE_SIGN_STYLE = Automatic;
				CURRENT_PROJECT_VERSION = 1;
				DEVELOPMENT_ASSET_PATHS = "";
				DEVELOPMENT_TEAM = MF2ESUE9HV;
				ENABLE_PREVIEWS = YES;
				GENERATE_INFOPLIST_FILE = YES;
				INFOPLIST_FILE = ShotDex/Info.plist;
				INFOPLIST_KEY_NSPhotoLibraryUsageDescription = "ShotDex reads your photos' camera, lens and exposure metadata to build your statistics, and saves the edits, favourites, albums and videos you make back to your library. Your photos stay on this device; only a rounded location goes to Apple's map service, to name the place a shot was taken.";
				INFOPLIST_KEY_UIApplicationSceneManifest_Generation = YES;
				INFOPLIST_KEY_UIApplicationSupportsIndirectInputEvents = YES;
				INFOPLIST_KEY_UISupportedInterfaceOrientations_iPad = "UIInterfaceOrientationPortrait UIInterfaceOrientationPortraitUpsideDown UIInterfaceOrientationLandscapeLeft UIInterfaceOrientationLandscapeRight";
				INFOPLIST_KEY_UISupportedInterfaceOrientations_iPhone = UIInterfaceOrientationPortrait;
				LD_RUNPATH_SEARCH_PATHS = (
					"$(inherited)",
					"@executable_path/Frameworks",
				);
				MARKETING_VERSION = 1.0;
				MTLLINKER_FLAGS = "-cikernel";
				MTL_COMPILER_FLAGS = "-fcikernel";
				MTL_FAST_MATH = NO;
				PRODUCT_BUNDLE_IDENTIFIER = com.hoangtuan.shotdex;
				PRODUCT_NAME = "$(TARGET_NAME)";
				SWIFT_EMIT_LOC_STRINGS = YES;
				SWIFT_VERSION = 5.0;
				TARGETED_DEVICE_FAMILY = "1,2";
			};
			name = Release;
		};
		AA0000292D00000100000001 /* Debug */ = {
			isa = XCBuildConfiguration;
			buildSettings = {
				BUNDLE_LOADER = "$(TEST_HOST)";
				CODE_SIGN_STYLE = Automatic;
				CURRENT_PROJECT_VERSION = 1;
				GENERATE_INFOPLIST_FILE = YES;
				MARKETING_VERSION = 1.0;
				PRODUCT_BUNDLE_IDENTIFIER = com.hoangtuan.shotdex.tests;
				PRODUCT_NAME = "$(TARGET_NAME)";
				SWIFT_EMIT_LOC_STRINGS = NO;
				SWIFT_VERSION = 5.0;
				TARGETED_DEVICE_FAMILY = "1,2";
				TEST_HOST = "$(BUILT_PRODUCTS_DIR)/ShotDex.app/$(BUNDLE_EXECUTABLE_FOLDER_PATH)/ShotDex";
			};
			name = Debug;
		};
		AA00002A2D00000100000001 /* Release */ = {
			isa = XCBuildConfiguration;
			buildSettings = {
				BUNDLE_LOADER = "$(TEST_HOST)";
				CODE_SIGN_STYLE = Automatic;
				CURRENT_PROJECT_VERSION = 1;
				GENERATE_INFOPLIST_FILE = YES;
				MARKETING_VERSION = 1.0;
				PRODUCT_BUNDLE_IDENTIFIER = com.hoangtuan.shotdex.tests;
				PRODUCT_NAME = "$(TARGET_NAME)";
				SWIFT_EMIT_LOC_STRINGS = NO;
				SWIFT_VERSION = 5.0;
				TARGETED_DEVICE_FAMILY = "1,2";
				TEST_HOST = "$(BUILT_PRODUCTS_DIR)/ShotDex.app/$(BUNDLE_EXECUTABLE_FOLDER_PATH)/ShotDex";
			};
			name = Release;
		};
		BB0001122D00000100000001 /* Debug */ = {
			isa = XCBuildConfiguration;
			buildSettings = {
				ALWAYS_SEARCH_USER_PATHS = NO;
				ASSETCATALOG_COMPILER_GLOBAL_ACCENT_COLOR_NAME = AccentColor;
				CODE_SIGN_ENTITLEMENTS = ShotDexWidget/ShotDexWidget.entitlements;
				CODE_SIGN_STYLE = Automatic;
				CURRENT_PROJECT_VERSION = 1;
				DEVELOPMENT_TEAM = MF2ESUE9HV;
				GENERATE_INFOPLIST_FILE = YES;
				INFOPLIST_FILE = ShotDexWidget/Info.plist;
				INFOPLIST_KEY_CFBundleDisplayName = ShotDex;
				INFOPLIST_KEY_NSHumanReadableCopyright = "";
				IPHONEOS_DEPLOYMENT_TARGET = 17.0;
				LD_RUNPATH_SEARCH_PATHS = (
					"$(inherited)",
					"@executable_path/Frameworks",
					"@executable_path/../../Frameworks",
				);
				MARKETING_VERSION = 1.0;
				MTL_FAST_MATH = YES;
				PRODUCT_BUNDLE_IDENTIFIER = com.hoangtuan.shotdex.widget;
				PRODUCT_NAME = "$(TARGET_NAME)";
				SKIP_INSTALL = YES;
				SWIFT_ACTIVE_COMPILATION_CONDITIONS = "DEBUG $(inherited)";
				SWIFT_EMIT_LOC_STRINGS = YES;
				SWIFT_OPTIMIZATION_LEVEL = "-Onone";
				SWIFT_VERSION = 5.0;
				TARGETED_DEVICE_FAMILY = "1,2";
			};
			name = Debug;
		};
		BB0001132D00000100000001 /* Release */ = {
			isa = XCBuildConfiguration;
			buildSettings = {
				ALWAYS_SEARCH_USER_PATHS = NO;
				ASSETCATALOG_COMPILER_GLOBAL_ACCENT_COLOR_NAME = AccentColor;
				CODE_SIGN_ENTITLEMENTS = ShotDexWidget/ShotDexWidget.entitlements;
				CODE_SIGN_STYLE = Automatic;
				CURRENT_PROJECT_VERSION = 1;
				DEVELOPMENT_TEAM = MF2ESUE9HV;
				GENERATE_INFOPLIST_FILE = YES;
				INFOPLIST_FILE = ShotDexWidget/Info.plist;
				INFOPLIST_KEY_CFBundleDisplayName = ShotDex;
				INFOPLIST_KEY_NSHumanReadableCopyright = "";
				IPHONEOS_DEPLOYMENT_TARGET = 17.0;
				LD_RUNPATH_SEARCH_PATHS = (
					"$(inherited)",
					"@executable_path/Frameworks",
					"@executable_path/../../Frameworks",
				);
				MARKETING_VERSION = 1.0;
				MTL_FAST_MATH = YES;
				PRODUCT_BUNDLE_IDENTIFIER = com.hoangtuan.shotdex.widget;
				PRODUCT_NAME = "$(TARGET_NAME)";
				SKIP_INSTALL = YES;
				SWIFT_COMPILATION_MODE = wholemodule;
				SWIFT_EMIT_LOC_STRINGS = YES;
				SWIFT_VERSION = 5.0;
				TARGETED_DEVICE_FAMILY = "1,2";
			};
			name = Release;
		};
		CC0001122D00000100000001 /* Debug */ = {
			isa = XCBuildConfiguration;
			buildSettings = {
				ALWAYS_SEARCH_USER_PATHS = NO;
				CODE_SIGN_ENTITLEMENTS = ShotDexShare/ShotDexShare.entitlements;
				CODE_SIGN_STYLE = Automatic;
				CURRENT_PROJECT_VERSION = 1;
				DEVELOPMENT_TEAM = MF2ESUE9HV;
				GENERATE_INFOPLIST_FILE = YES;
				INFOPLIST_FILE = ShotDexShare/Info.plist;
				INFOPLIST_KEY_CFBundleDisplayName = "Save to ShotDex";
				INFOPLIST_KEY_NSPhotoLibraryAddUsageDescription = "Saves the photos you share into your library so ShotDex can index them.";
				IPHONEOS_DEPLOYMENT_TARGET = 17.0;
				LD_RUNPATH_SEARCH_PATHS = (
					"$(inherited)",
					"@executable_path/Frameworks",
					"@executable_path/../../Frameworks",
				);
				MARKETING_VERSION = 1.0;
				MTL_FAST_MATH = YES;
				PRODUCT_BUNDLE_IDENTIFIER = com.hoangtuan.shotdex.share;
				PRODUCT_NAME = "$(TARGET_NAME)";
				SKIP_INSTALL = YES;
				SWIFT_ACTIVE_COMPILATION_CONDITIONS = "DEBUG $(inherited)";
				SWIFT_EMIT_LOC_STRINGS = YES;
				SWIFT_OPTIMIZATION_LEVEL = "-Onone";
				SWIFT_VERSION = 5.0;
				TARGETED_DEVICE_FAMILY = "1,2";
			};
			name = Debug;
		};
		CC0001132D00000100000001 /* Release */ = {
			isa = XCBuildConfiguration;
			buildSettings = {
				ALWAYS_SEARCH_USER_PATHS = NO;
				CODE_SIGN_ENTITLEMENTS = ShotDexShare/ShotDexShare.entitlements;
				CODE_SIGN_STYLE = Automatic;
				CURRENT_PROJECT_VERSION = 1;
				DEVELOPMENT_TEAM = MF2ESUE9HV;
				GENERATE_INFOPLIST_FILE = YES;
				INFOPLIST_FILE = ShotDexShare/Info.plist;
				INFOPLIST_KEY_CFBundleDisplayName = "Save to ShotDex";
				INFOPLIST_KEY_NSPhotoLibraryAddUsageDescription = "Saves the photos you share into your library so ShotDex can index them.";
				IPHONEOS_DEPLOYMENT_TARGET = 17.0;
				LD_RUNPATH_SEARCH_PATHS = (
					"$(inherited)",
					"@executable_path/Frameworks",
					"@executable_path/../../Frameworks",
				);
				MARKETING_VERSION = 1.0;
				MTL_FAST_MATH = YES;
				PRODUCT_BUNDLE_IDENTIFIER = com.hoangtuan.shotdex.share;
				PRODUCT_NAME = "$(TARGET_NAME)";
				SKIP_INSTALL = YES;
				SWIFT_COMPILATION_MODE = wholemodule;
				SWIFT_EMIT_LOC_STRINGS = YES;
				SWIFT_VERSION = 5.0;
				TARGETED_DEVICE_FAMILY = "1,2";
			};
			name = Release;
		};
		DD0001122D00000100000001 /* Debug */ = {
			isa = XCBuildConfiguration;
			buildSettings = {
				ALWAYS_SEARCH_USER_PATHS = NO;
				CODE_SIGN_STYLE = Automatic;
				CURRENT_PROJECT_VERSION = 1;
				DEFINES_MODULE = YES;
				DEVELOPMENT_TEAM = MF2ESUE9HV;
				DYLIB_COMPATIBILITY_VERSION = 1;
				DYLIB_CURRENT_VERSION = 1;
				DYLIB_INSTALL_NAME_BASE = "@rpath";
				GENERATE_INFOPLIST_FILE = YES;
				INFOPLIST_KEY_NSHumanReadableCopyright = "";
				INSTALL_PATH = "$(LOCAL_APPS_DIR)/Frameworks";
				IPHONEOS_DEPLOYMENT_TARGET = 17.0;
				LD_RUNPATH_SEARCH_PATHS = (
					"$(inherited)",
					"@executable_path/Frameworks",
					"@loader_path/Frameworks",
				);
				MARKETING_VERSION = 1.0;
				MTLLINKER_FLAGS = "-cikernel";
				MTL_COMPILER_FLAGS = "-fcikernel";
				MTL_FAST_MATH = NO;
				PRODUCT_BUNDLE_IDENTIFIER = com.hoangtuan.shotdex.kit;
				PRODUCT_NAME = "$(TARGET_NAME:c99extidentifier)";
				SKIP_INSTALL = YES;
				SWIFT_ACTIVE_COMPILATION_CONDITIONS = "DEBUG $(inherited)";
				SWIFT_EMIT_LOC_STRINGS = YES;
				SWIFT_OPTIMIZATION_LEVEL = "-Onone";
				SWIFT_VERSION = 5.0;
				TARGETED_DEVICE_FAMILY = "1,2";
				VERSIONING_SYSTEM = "apple-generic";
			};
			name = Debug;
		};
		DD0001132D00000100000001 /* Release */ = {
			isa = XCBuildConfiguration;
			buildSettings = {
				ALWAYS_SEARCH_USER_PATHS = NO;
				CODE_SIGN_STYLE = Automatic;
				CURRENT_PROJECT_VERSION = 1;
				DEFINES_MODULE = YES;
				DEVELOPMENT_TEAM = MF2ESUE9HV;
				DYLIB_COMPATIBILITY_VERSION = 1;
				DYLIB_CURRENT_VERSION = 1;
				DYLIB_INSTALL_NAME_BASE = "@rpath";
				GENERATE_INFOPLIST_FILE = YES;
				INFOPLIST_KEY_NSHumanReadableCopyright = "";
				INSTALL_PATH = "$(LOCAL_APPS_DIR)/Frameworks";
				IPHONEOS_DEPLOYMENT_TARGET = 17.0;
				LD_RUNPATH_SEARCH_PATHS = (
					"$(inherited)",
					"@executable_path/Frameworks",
					"@loader_path/Frameworks",
				);
				MARKETING_VERSION = 1.0;
				MTLLINKER_FLAGS = "-cikernel";
				MTL_COMPILER_FLAGS = "-fcikernel";
				MTL_FAST_MATH = NO;
				PRODUCT_BUNDLE_IDENTIFIER = com.hoangtuan.shotdex.kit;
				PRODUCT_NAME = "$(TARGET_NAME:c99extidentifier)";
				SKIP_INSTALL = YES;
				SWIFT_EMIT_LOC_STRINGS = YES;
				SWIFT_VERSION = 5.0;
				TARGETED_DEVICE_FAMILY = "1,2";
				VERSIONING_SYSTEM = "apple-generic";
			};
			name = Release;
		};
		EE00020C2D00000100000001 /* Debug */ = {
			isa = XCBuildConfiguration;
			buildSettings = {
				ALWAYS_SEARCH_USER_PATHS = NO;
				CODE_SIGN_STYLE = Automatic;
				CURRENT_PROJECT_VERSION = 1;
				DEVELOPMENT_TEAM = MF2ESUE9HV;
				GENERATE_INFOPLIST_FILE = YES;
				INFOPLIST_FILE = ShotDexEditAction/Info.plist;
				INFOPLIST_KEY_CFBundleDisplayName = "Edit in ShotDex";
				INFOPLIST_KEY_NSPhotoLibraryUsageDescription = "Finds the photo you shared in your library so ShotDex can open it in the editor.";
				IPHONEOS_DEPLOYMENT_TARGET = 17.0;
				LD_RUNPATH_SEARCH_PATHS = (
					"$(inherited)",
					"@executable_path/Frameworks",
					"@executable_path/../../Frameworks",
				);
				MARKETING_VERSION = 1.0;
				MTL_FAST_MATH = YES;
				PRODUCT_BUNDLE_IDENTIFIER = com.hoangtuan.shotdex.editaction;
				PRODUCT_NAME = "$(TARGET_NAME)";
				SKIP_INSTALL = YES;
				SWIFT_ACTIVE_COMPILATION_CONDITIONS = "DEBUG $(inherited)";
				SWIFT_EMIT_LOC_STRINGS = YES;
				SWIFT_OPTIMIZATION_LEVEL = "-Onone";
				SWIFT_VERSION = 5.0;
				TARGETED_DEVICE_FAMILY = "1,2";
			};
			name = Debug;
		};
		EE00020D2D00000100000001 /* Release */ = {
			isa = XCBuildConfiguration;
			buildSettings = {
				ALWAYS_SEARCH_USER_PATHS = NO;
				CODE_SIGN_STYLE = Automatic;
				CURRENT_PROJECT_VERSION = 1;
				DEVELOPMENT_TEAM = MF2ESUE9HV;
				GENERATE_INFOPLIST_FILE = YES;
				INFOPLIST_FILE = ShotDexEditAction/Info.plist;
				INFOPLIST_KEY_CFBundleDisplayName = "Edit in ShotDex";
				INFOPLIST_KEY_NSPhotoLibraryUsageDescription = "Finds the photo you shared in your library so ShotDex can open it in the editor.";
				IPHONEOS_DEPLOYMENT_TARGET = 17.0;
				LD_RUNPATH_SEARCH_PATHS = (
					"$(inherited)",
					"@executable_path/Frameworks",
					"@executable_path/../../Frameworks",
				);
				MARKETING_VERSION = 1.0;
				MTL_FAST_MATH = YES;
				PRODUCT_BUNDLE_IDENTIFIER = com.hoangtuan.shotdex.editaction;
				PRODUCT_NAME = "$(TARGET_NAME)";
				SKIP_INSTALL = YES;
				SWIFT_COMPILATION_MODE = wholemodule;
				SWIFT_EMIT_LOC_STRINGS = YES;
				SWIFT_VERSION = 5.0;
				TARGETED_DEVICE_FAMILY = "1,2";
			};
			name = Release;
		};
		FF0001122D00000100000001 /* Debug */ = {
			isa = XCBuildConfiguration;
			buildSettings = {
				CODE_SIGN_STYLE = Automatic;
				CURRENT_PROJECT_VERSION = 1;
				GENERATE_INFOPLIST_FILE = YES;
				IPHONEOS_DEPLOYMENT_TARGET = 17.0;
				MARKETING_VERSION = 1.0;
				PRODUCT_BUNDLE_IDENTIFIER = com.hoangtuan.shotdex.uitests;
				PRODUCT_NAME = "$(TARGET_NAME)";
				SWIFT_EMIT_LOC_STRINGS = NO;
				SWIFT_VERSION = 5.0;
				TARGETED_DEVICE_FAMILY = "1,2";
				TEST_TARGET_NAME = ShotDex;
			};
			name = Debug;
		};
		FF0001132D00000100000001 /* Release */ = {
			isa = XCBuildConfiguration;
			buildSettings = {
				CODE_SIGN_STYLE = Automatic;
				CURRENT_PROJECT_VERSION = 1;
				GENERATE_INFOPLIST_FILE = YES;
				IPHONEOS_DEPLOYMENT_TARGET = 17.0;
				MARKETING_VERSION = 1.0;
				PRODUCT_BUNDLE_IDENTIFIER = com.hoangtuan.shotdex.uitests;
				PRODUCT_NAME = "$(TARGET_NAME)";
				SWIFT_EMIT_LOC_STRINGS = NO;
				SWIFT_VERSION = 5.0;
				TARGETED_DEVICE_FAMILY = "1,2";
				TEST_TARGET_NAME = ShotDex;
			};
			name = Release;
		};
/* End XCBuildConfiguration section */

/* Begin XCConfigurationList section */
		AA0000072D00000100000001 /* Build configuration list for PBXNativeTarget "ShotDex" */ = {
			isa = XCConfigurationList;
			buildConfigurations = (
				AA00000E2D00000100000001 /* Debug */,
				AA00000F2D00000100000001 /* Release */,
			);
			defaultConfigurationIsVisible = 0;
			defaultConfigurationName = Release;
		};
		AA00000B2D00000100000001 /* Build configuration list for PBXProject "ShotDex" */ = {
			isa = XCConfigurationList;
			buildConfigurations = (
				AA00000C2D00000100000001 /* Debug */,
				AA00000D2D00000100000001 /* Release */,
			);
			defaultConfigurationIsVisible = 0;
			defaultConfigurationName = Release;
		};
		AA0000242D00000100000001 /* Build configuration list for PBXNativeTarget "ShotDexTests" */ = {
			isa = XCConfigurationList;
			buildConfigurations = (
				AA0000292D00000100000001 /* Debug */,
				AA00002A2D00000100000001 /* Release */,
			);
			defaultConfigurationIsVisible = 0;
			defaultConfigurationName = Release;
		};
		BB0001112D00000100000001 /* Build configuration list for PBXNativeTarget "ShotDexWidget" */ = {
			isa = XCConfigurationList;
			buildConfigurations = (
				BB0001122D00000100000001 /* Debug */,
				BB0001132D00000100000001 /* Release */,
			);
			defaultConfigurationIsVisible = 0;
			defaultConfigurationName = Release;
		};
		CC0001112D00000100000001 /* Build configuration list for PBXNativeTarget "ShotDexShare" */ = {
			isa = XCConfigurationList;
			buildConfigurations = (
				CC0001122D00000100000001 /* Debug */,
				CC0001132D00000100000001 /* Release */,
			);
			defaultConfigurationIsVisible = 0;
			defaultConfigurationName = Release;
		};
		DD0001112D00000100000001 /* Build configuration list for PBXNativeTarget "ShotDexKit" */ = {
			isa = XCConfigurationList;
			buildConfigurations = (
				DD0001122D00000100000001 /* Debug */,
				DD0001132D00000100000001 /* Release */,
			);
			defaultConfigurationIsVisible = 0;
			defaultConfigurationName = Release;
		};
		EE00020B2D00000100000001 /* Build configuration list for PBXNativeTarget "ShotDexEditAction" */ = {
			isa = XCConfigurationList;
			buildConfigurations = (
				EE00020C2D00000100000001 /* Debug */,
				EE00020D2D00000100000001 /* Release */,
			);
			defaultConfigurationIsVisible = 0;
			defaultConfigurationName = Release;
		};
		FF0001112D00000100000001 /* Build configuration list for PBXNativeTarget "ShotDexUITests" */ = {
			isa = XCConfigurationList;
			buildConfigurations = (
				FF0001122D00000100000001 /* Debug */,
				FF0001132D00000100000001 /* Release */,
			);
			defaultConfigurationIsVisible = 0;
			defaultConfigurationName = Release;
		};
/* End XCConfigurationList section */

/* Begin XCRemoteSwiftPackageReference section */
		AA0000122D00000100000001 /* XCRemoteSwiftPackageReference "GRDB" */ = {
			isa = XCRemoteSwiftPackageReference;
			repositoryURL = "https://github.com/groue/GRDB.swift";
			requirement = {
				kind = upToNextMajorVersion;
				minimumVersion = 7.0.0;
			};
		};
		AA0000152D00000100000001 /* XCRemoteSwiftPackageReference "SMBClient" */ = {
			isa = XCRemoteSwiftPackageReference;
			repositoryURL = "https://github.com/kishikawakatsumi/SMBClient";
			requirement = {
				kind = upToNextMinorVersion;
				minimumVersion = 0.3.1;
			};
		};
		AA0000182D00000100000001 /* XCRemoteSwiftPackageReference "Citadel" */ = {
			isa = XCRemoteSwiftPackageReference;
			repositoryURL = "https://github.com/orlandos-nl/Citadel";
			requirement = {
				kind = upToNextMinorVersion;
				minimumVersion = 0.9.2;
			};
		};
		AA0000192D00000100000001 /* XCRemoteSwiftPackageReference "swift-collections" */ = {
			isa = XCRemoteSwiftPackageReference;
			repositoryURL = "https://github.com/apple/swift-collections.git";
			requirement = {
				kind = upToNextMinorVersion;
				minimumVersion = 1.3.0;
			};
		};
/* End XCRemoteSwiftPackageReference section */

/* Begin XCSwiftPackageProductDependency section */
		AA0000112D00000100000001 /* GRDB */ = {
			isa = XCSwiftPackageProductDependency;
			package = AA0000122D00000100000001 /* XCRemoteSwiftPackageReference "GRDB" */;
			productName = GRDB;
		};
		AA0000142D00000100000001 /* SMBClient */ = {
			isa = XCSwiftPackageProductDependency;
			package = AA0000152D00000100000001 /* XCRemoteSwiftPackageReference "SMBClient" */;
			productName = SMBClient;
		};
		AA0000172D00000100000001 /* Citadel */ = {
			isa = XCSwiftPackageProductDependency;
			package = AA0000182D00000100000001 /* XCRemoteSwiftPackageReference "Citadel" */;
			productName = Citadel;
		};
		AA00001B2D00000100000001 /* DequeModule */ = {
			isa = XCSwiftPackageProductDependency;
			package = AA0000192D00000100000001 /* XCRemoteSwiftPackageReference "swift-collections" */;
			productName = DequeModule;
		};
/* End XCSwiftPackageProductDependency section */
	};
	rootObject = AA00000A2D00000100000001 /* Project object */;
}
